
Microsoft Visual Studio Solution File, Format Version 12.00
# Visual Studio Version 17
VisualStudioVersion = 17.4.33213.308
MinimumVisualStudioVersion = 10.0.40219.1
Project("{FAE04EC0-301F-11D3-BF4B-00C04F79EFBC}") = "FactoryMethod", "FactoryMethod\FactoryMethod.csproj", "{CEA2775A-DEAB-4B6D-BA8E-E9BC12B7140E}"
EndProject
Global
	GlobalSection(SolutionConfigurationPlatforms) = preSolution
		Debug|Any CPU = Debug|Any CPU
		Release|Any CPU = Release|Any CPU
	EndGlobalSection
	GlobalSection(ProjectConfigurationPlatforms) = postSolution
		{CEA2775A-DEAB-4B6D-BA8E-E9BC12B7140E}.Debug|Any CPU.ActiveCfg = Debug|Any CPU
		{CEA2775A-DEAB-4B6D-BA8E-E9BC12B7140E}.Debug|Any CPU.Build.0 = Debug|Any CPU
		{CEA2775A-DEAB-4B6D-BA8E-E9BC12B7140E}.Release|Any CPU.ActiveCfg = Release|Any CPU
		{CEA2775A-DEAB-4B6D-BA8E-E9BC12B7140E}.Release|Any CPU.Build.0 = Release|Any CPU
	EndGlobalSection
	GlobalSection(SolutionProperties) = preSolution
		HideSolutionNode = FALSE
	EndGlobalSection
	GlobalSection(ExtensibilityGlobals) = postSolution
		SolutionGuid = {B3CC7E91-83CF-45C8-93FF-3BC2C69E434B}
	EndGlobalSection
EndGlobal
